
Microsoft Visual Studio Solution File, Format Version 12.00
Project("{2150E333-8FDC-42A3-9474-1A3956D46DE8}") = "src", "src", "{57AC0E52-4F71-4D33-98AA-15EF506E92AD}"
EndProject
Project("{2150E333-8FDC-42A3-9474-1A3956D46DE8}") = "samples", "samples", "{5D5CAFBF-338F-4068-A085-1F32AAE89CA5}"
EndProject
Project("{2150E333-8FDC-42A3-9474-1A3956D46DE8}") = "tests", "tests", "{DD01F9B8-4455-4D8D-8E43-C32B35E105FD}"
EndProject
Project("{FAE04EC0-301F-11D3-BF4B-00C04F79EFBC}") = "Mazes.Structures", "src\Mazes.Structures\Mazes.Structures.csproj", "{AF7FF0C0-FF37-4602-8BFB-137AA4A94458}"
EndProject
Project("{FAE04EC0-301F-11D3-BF4B-00C04F79EFBC}") = "Mazes.Structures.Tests", "tests\Mazes.Structures.Tests\Mazes.Structures.Tests.csproj", "{659871E4-F538-4499-BB06-D3BE75BE82B5}"
EndProject
Project("{FAE04EC0-301F-11D3-BF4B-00C04F79EFBC}") = "Mazes.Creation.Tests", "tests\Mazes.Creation.Tests\Mazes.Creation.Tests.csproj", "{D5785EE0-8E3F-4621-95AE-C52CD31497FD}"
EndProject
Project("{FAE04EC0-301F-11D3-BF4B-00C04F79EFBC}") = "Mazes.Creation", "src\Mazes.Creation\Mazes.Creation.csproj", "{C2A847D0-0741-44CC-BCF0-673300AEE299}"
EndProject
Global
	GlobalSection(SolutionConfigurationPlatforms) = preSolution
		Debug|Any CPU = Debug|Any CPU
		Release|Any CPU = Release|Any CPU
	EndGlobalSection
	GlobalSection(ProjectConfigurationPlatforms) = postSolution
		{AF7FF0C0-FF37-4602-8BFB-137AA4A94458}.Debug|Any CPU.ActiveCfg = Debug|Any CPU
		{AF7FF0C0-FF37-4602-8BFB-137AA4A94458}.Debug|Any CPU.Build.0 = Debug|Any CPU
		{AF7FF0C0-FF37-4602-8BFB-137AA4A94458}.Release|Any CPU.ActiveCfg = Release|Any CPU
		{AF7FF0C0-FF37-4602-8BFB-137AA4A94458}.Release|Any CPU.Build.0 = Release|Any CPU
		{659871E4-F538-4499-BB06-D3BE75BE82B5}.Debug|Any CPU.ActiveCfg = Debug|Any CPU
		{659871E4-F538-4499-BB06-D3BE75BE82B5}.Debug|Any CPU.Build.0 = Debug|Any CPU
		{659871E4-F538-4499-BB06-D3BE75BE82B5}.Release|Any CPU.ActiveCfg = Release|Any CPU
		{659871E4-F538-4499-BB06-D3BE75BE82B5}.Release|Any CPU.Build.0 = Release|Any CPU
		{D5785EE0-8E3F-4621-95AE-C52CD31497FD}.Debug|Any CPU.ActiveCfg = Debug|Any CPU
		{D5785EE0-8E3F-4621-95AE-C52CD31497FD}.Debug|Any CPU.Build.0 = Debug|Any CPU
		{D5785EE0-8E3F-4621-95AE-C52CD31497FD}.Release|Any CPU.ActiveCfg = Release|Any CPU
		{D5785EE0-8E3F-4621-95AE-C52CD31497FD}.Release|Any CPU.Build.0 = Release|Any CPU
		{C2A847D0-0741-44CC-BCF0-673300AEE299}.Debug|Any CPU.ActiveCfg = Debug|Any CPU
		{C2A847D0-0741-44CC-BCF0-673300AEE299}.Debug|Any CPU.Build.0 = Debug|Any CPU
		{C2A847D0-0741-44CC-BCF0-673300AEE299}.Release|Any CPU.ActiveCfg = Release|Any CPU
		{C2A847D0-0741-44CC-BCF0-673300AEE299}.Release|Any CPU.Build.0 = Release|Any CPU
	EndGlobalSection
	GlobalSection(NestedProjects) = preSolution
		{AF7FF0C0-FF37-4602-8BFB-137AA4A94458} = {57AC0E52-4F71-4D33-98AA-15EF506E92AD}
		{659871E4-F538-4499-BB06-D3BE75BE82B5} = {DD01F9B8-4455-4D8D-8E43-C32B35E105FD}
		{D5785EE0-8E3F-4621-95AE-C52CD31497FD} = {DD01F9B8-4455-4D8D-8E43-C32B35E105FD}
		{C2A847D0-0741-44CC-BCF0-673300AEE299} = {57AC0E52-4F71-4D33-98AA-15EF506E92AD}
	EndGlobalSection
EndGlobal
